
Microsoft Visual Studio Solution File, Format Version 12.00
# Visual Studio Version 17
VisualStudioVersion = 17.4.33122.133
MinimumVisualStudioVersion = 10.0.40219.1
Project("{FAE04EC0-301F-11D3-BF4B-00C04F79EFBC}") = "WebformsDemo", "WebformsDemo.csproj", "{47A06161-146F-4212-9900-FCAC6565D31E}"
EndProject
Global
	GlobalSection(SolutionConfigurationPlatforms) = preSolution
		Debug|Any CPU = Debug|Any CPU
		Release|Any CPU = Release|Any CPU
	EndGlobalSection
	GlobalSection(ProjectConfigurationPlatforms) = postSolution
		{47A06161-146F-4212-9900-FCAC6565D31E}.Debug|Any CPU.ActiveCfg = Debug|Any CPU
		{47A06161-146F-4212-9900-FCAC6565D31E}.Debug|Any CPU.Build.0 = Debug|Any CPU
		{47A06161-146F-4212-9900-FCAC6565D31E}.Release|Any CPU.ActiveCfg = Release|Any CPU
		{47A06161-146F-4212-9900-FCAC6565D31E}.Release|Any CPU.Build.0 = Release|Any CPU
	EndGlobalSection
	GlobalSection(SolutionProperties) = preSolution
		HideSolutionNode = FALSE
	EndGlobalSection
	GlobalSection(ExtensibilityGlobals) = postSolution
		SolutionGuid = {12B512BA-F3A6-4ABE-B0C1-E348D7319CEF}
	EndGlobalSection
EndGlobal
